{
  "name": "ng-syz",
  "version": "0.2.1",
  "lockfileVersion": 1,
  "requires": true,
  "dependencies": {
    "@types/jasmine": {
      "version": "3.6.9",
      "resolved": "https://registry.npmjs.org/@types/jasmine/-/jasmine-3.6.9.tgz",
      "integrity": "sha512-B53NIwMj/AO0O+xfSWLYmKB0Mo6TYxfv2Mk8/c1T2w/e38t55iaPR6p7pHXTTtqfTmevPK3i8T1YweYFTZlxDw==",
      "dev": true
    }
  }
}
